// !$*UTF8*$!
{
	archiveVersion = 1;
	classes = {
	};
	objectVersion = 46;
	objects = {

/* Begin PBXBuildFile section */
		F502D37E18D86B0100F9F49D /* Foundation.framework in Frameworks */ = {isa = PBXBuildFile; fileRef = F502D37D18D86B0100F9F49D /* Foundation.framework */; };
		F502D38018D86B0100F9F49D /* CoreGraphics.framework in Frameworks */ = {isa = PBXBuildFile; fileRef = F502D37F18D86B0100F9F49D /* CoreGraphics.framework */; };
		F502D38218D86B0100F9F49D /* UIKit.framework in Frameworks */ = {isa = PBXBuildFile; fileRef = F502D38118D86B0100F9F49D /* UIKit.framework */; };
		F502D38818D86B0100F9F49D /* InfoPlist.strings in Resources */ = {isa = PBXBuildFile; fileRef = F502D38618D86B0100F9F49D /* InfoPlist.strings */; };
		F502D38A18D86B0100F9F49D /* main.m in Sources */ = {isa = PBXBuildFile; fileRef = F502D38918D86B0100F9F49D /* main.m */; };
		F502D38E18D86B0100F9F49D /* BoobiesAppDelegate.m in Sources */ = {isa = PBXBuildFile; fileRef = F502D38D18D86B0100F9F49D /* BoobiesAppDelegate.m */; };
		F502D39118D86B0100F9F49D /* Main.storyboard in Resources */ = {isa = PBXBuildFile; fileRef = F502D38F18D86B0100F9F49D /* Main.storyboard */; };
		F502D39418D86B0100F9F49D /* BoobiesViewController.m in Sources */ = {isa = PBXBuildFile; fileRef = F502D39318D86B0100F9F49D /* BoobiesViewController.m */; };
		F502D39618D86B0100F9F49D /* Images.xcassets in Resources */ = {isa = PBXBuildFile; fileRef = F502D39518D86B0100F9F49D /* Images.xcassets */; };
		F502D39D18D86B0100F9F49D /* XCTest.framework in Frameworks */ = {isa = PBXBuildFile; fileRef = F502D39C18D86B0100F9F49D /* XCTest.framework */; };
		F502D39E18D86B0100F9F49D /* Foundation.framework in Frameworks */ = {isa = PBXBuildFile; fileRef = F502D37D18D86B0100F9F49D /* Foundation.framework */; };
		F502D39F18D86B0100F9F49D /* UIKit.framework in Frameworks */ = {isa = PBXBuildFile; fileRef = F502D38118D86B0100F9F49D /* UIKit.framework */; };
		F502D3A718D86B0100F9F49D /* InfoPlist.strings in Resources */ = {isa = PBXBuildFile; fileRef = F502D3A518D86B0100F9F49D /* InfoPlist.strings */; };
		F502D3A918D86B0100F9F49D /* BoobiesTests.m in Sources */ = {isa = PBXBuildFile; fileRef = F502D3A818D86B0100F9F49D /* BoobiesTests.m */; };
		F502D3B318D86D9500F9F49D /* boroda in Resources */ = {isa = PBXBuildFile; fileRef = F502D3B218D86D9500F9F49D /* boroda */; };
/* End PBXBuildFile section */

/* Begin PBXContainerItemProxy section */
		F502D3A018D86B0100F9F49D /* PBXContainerItemProxy */ = {
			isa = PBXContainerItemProxy;
			containerPortal = F502D37218D86B0100F9F49D /* Project object */;
			proxyType = 1;
			remoteGlobalIDString = F502D37918D86B0100F9F49D;
			remoteInfo = Boobies;
		};
/* End PBXContainerItemProxy section */

/* Begin PBXFileReference section */
		F502D37A18D86B0100F9F49D /* Boobies.app */ = {isa = PBXFileReference; explicitFileType = wrapper.application; includeInIndex = 0; path = Boobies.app; sourceTree = BUILT_PRODUCTS_DIR; };
		F502D37D18D86B0100F9F49D /* Foundation.framework */ = {isa = PBXFileReference; lastKnownFileType = wrapper.framework; name = Foundation.framework; path = System/Library/Frameworks/Foundation.framework; sourceTree = SDKROOT; };
		F502D37F18D86B0100F9F49D /* CoreGraphics.framework */ = {isa = PBXFileReference; lastKnownFileType = wrapper.framework; name = CoreGraphics.framework; path = System/Library/Frameworks/CoreGraphics.framework; sourceTree = SDKROOT; };
		F502D38118D86B0100F9F49D /* UIKit.framework */ = {isa = PBXFileReference; lastKnownFileType = wrapper.framework; name = UIKit.framework; path = System/Library/Frameworks/UIKit.framework; sourceTree = SDKROOT; };
		F502D38518D86B0100F9F49D /* Boobies-Info.plist */ = {isa = PBXFileReference; lastKnownFileType = text.plist.xml; path = "Boobies-Info.plist"; sourceTree = "<group>"; };
		F502D38718D86B0100F9F49D /* en */ = {isa = PBXFileReference; lastKnownFileType = text.plist.strings; name = en; path = en.lproj/InfoPlist.strings; sourceTree = "<group>"; };
		F502D38918D86B0100F9F49D /* main.m */ = {isa = PBXFileReference; lastKnownFileType = sourcecode.c.objc; path = main.m; sourceTree = "<group>"; };
		F502D38B18D86B0100F9F49D /* Boobies-Prefix.pch */ = {isa = PBXFileReference; lastKnownFileType = sourcecode.c.h; path = "Boobies-Prefix.pch"; sourceTree = "<group>"; };
		F502D38C18D86B0100F9F49D /* BoobiesAppDelegate.h */ = {isa = PBXFileReference; lastKnownFileType = sourcecode.c.h; path = BoobiesAppDelegate.h; sourceTree = "<group>"; };
		F502D38D18D86B0100F9F49D /* BoobiesAppDelegate.m */ = {isa = PBXFileReference; lastKnownFileType = sourcecode.c.objc; path = BoobiesAppDelegate.m; sourceTree = "<group>"; };
		F502D39018D86B0100F9F49D /* Base */ = {isa = PBXFileReference; lastKnownFileType = file.storyboard; name = Base; path = Base.lproj/Main.storyboard; sourceTree = "<group>"; };
		F502D39218D86B0100F9F49D /* BoobiesViewController.h */ = {isa = PBXFileReference; lastKnownFileType = sourcecode.c.h; path = BoobiesViewController.h; sourceTree = "<group>"; };
		F502D39318D86B0100F9F49D /* BoobiesViewController.m */ = {isa = PBXFileReference; lastKnownFileType = sourcecode.c.objc; path = BoobiesViewController.m; sourceTree = "<group>"; };
		F502D39518D86B0100F9F49D /* Images.xcassets */ = {isa = PBXFileReference; lastKnownFileType = folder.assetcatalog; path = Images.xcassets; sourceTree = "<group>"; };
		F502D39B18D86B0100F9F49D /* BoobiesTests.xctest */ = {isa = PBXFileReference; explicitFileType = wrapper.cfbundle; includeInIndex = 0; path = BoobiesTests.xctest; sourceTree = BUILT_PRODUCTS_DIR; };
		F502D39C18D86B0100F9F49D /* XCTest.framework */ = {isa = PBXFileReference; lastKnownFileType = wrapper.framework; name = XCTest.framework; path = Library/Frameworks/XCTest.framework; sourceTree = DEVELOPER_DIR; };
		F502D3A418D86B0100F9F49D /* BoobiesTests-Info.plist */ = {isa = PBXFileReference; lastKnownFileType = text.plist.xml; path = "BoobiesTests-Info.plist"; sourceTree = "<group>"; };
		F502D3A618D86B0100F9F49D /* en */ = {isa = PBXFileReference; lastKnownFileType = text.plist.strings; name = en; path = en.lproj/InfoPlist.strings; sourceTree = "<group>"; };
		F502D3A818D86B0100F9F49D /* BoobiesTests.m */ = {isa = PBXFileReference; lastKnownFileType = sourcecode.c.objc; path = BoobiesTests.m; sourceTree = "<group>"; };
		F502D3B218D86D9500F9F49D /* boroda */ = {isa = PBXFileReference; fileEncoding = 4; lastKnownFileType = text; path = boroda; sourceTree = "<group>"; };
/* End PBXFileReference section */

/* Begin PBXFrameworksBuildPhase section */
		F502D37718D86B0100F9F49D /* Frameworks */ = {
			isa = PBXFrameworksBuildPhase;
			buildActionMask = 2147483647;
			files = (
				F502D38018D86B0100F9F49D /* CoreGraphics.framework in Frameworks */,
				F502D38218D86B0100F9F49D /* UIKit.framework in Frameworks */,
				F502D37E18D86B0100F9F49D /* Foundation.framework in Frameworks */,
			);
			runOnlyForDeploymentPostprocessing = 0;
		};
		F502D39818D86B0100F9F49D /* Frameworks */ = {
			isa = PBXFrameworksBuildPhase;
			buildActionMask = 2147483647;
			files = (
				F502D39D18D86B0100F9F49D /* XCTest.framework in Frameworks */,
				F502D39F18D86B0100F9F49D /* UIKit.framework in Frameworks */,
				F502D39E18D86B0100F9F49D /* Foundation.framework in Frameworks */,
			);
			runOnlyForDeploymentPostprocessing = 0;
		};
/* End PBXFrameworksBuildPhase section */

/* Begin PBXGroup section */
		F502D37118D86B0100F9F49D = {
			isa = PBXGroup;
			children = (
				F502D38318D86B0100F9F49D /* Boobies */,
				F502D3A218D86B0100F9F49D /* BoobiesTests */,
				F502D37C18D86B0100F9F49D /* Frameworks */,
				F502D37B18D86B0100F9F49D /* Products */,
			);
			sourceTree = "<group>";
		};
		F502D37B18D86B0100F9F49D /* Products */ = {
			isa = PBXGroup;
			children = (
				F502D37A18D86B0100F9F49D /* Boobies.app */,
				F502D39B18D86B0100F9F49D /* BoobiesTests.xctest */,
			);
			name = Products;
			sourceTree = "<group>";
		};
		F502D37C18D86B0100F9F49D /* Frameworks */ = {
			isa = PBXGroup;
			children = (
				F502D37D18D86B0100F9F49D /* Foundation.framework */,
				F502D37F18D86B0100F9F49D /* CoreGraphics.framework */,
				F502D38118D86B0100F9F49D /* UIKit.framework */,
				F502D39C18D86B0100F9F49D /* XCTest.framework */,
			);
			name = Frameworks;
			sourceTree = "<group>";
		};
		F502D38318D86B0100F9F49D /* Boobies */ = {
			isa = PBXGroup;
			children = (
				F502D38C18D86B0100F9F49D /* BoobiesAppDelegate.h */,
				F502D38D18D86B0100F9F49D /* BoobiesAppDelegate.m */,
				F502D38F18D86B0100F9F49D /* Main.storyboard */,
				F502D39218D86B0100F9F49D /* BoobiesViewController.h */,
				F502D39318D86B0100F9F49D /* BoobiesViewController.m */,
				F502D39518D86B0100F9F49D /* Images.xcassets */,
				F502D38418D86B0100F9F49D /* Supporting Files */,
				F502D3B218D86D9500F9F49D /* boroda */,
			);
			path = Boobies;
			sourceTree = "<group>";
		};
		F502D38418D86B0100F9F49D /* Supporting Files */ = {
			isa = PBXGroup;
			children = (
				F502D38518D86B0100F9F49D /* Boobies-Info.plist */,
				F502D38618D86B0100F9F49D /* InfoPlist.strings */,
				F502D38918D86B0100F9F49D /* main.m */,
				F502D38B18D86B0100F9F49D /* Boobies-Prefix.pch */,
			);
			name = "Supporting Files";
			sourceTree = "<group>";
		};
		F502D3A218D86B0100F9F49D /* BoobiesTests */ = {
			isa = PBXGroup;
			children = (
				F502D3A818D86B0100F9F49D /* BoobiesTests.m */,
				F502D3A318D86B0100F9F49D /* Supporting Files */,
			);
			path = BoobiesTests;
			sourceTree = "<group>";
		};
		F502D3A318D86B0100F9F49D /* Supporting Files */ = {
			isa = PBXGroup;
			children = (
				F502D3A418D86B0100F9F49D /* BoobiesTests-Info.plist */,
				F502D3A518D86B0100F9F49D /* InfoPlist.strings */,
			);
			name = "Supporting Files";
			sourceTree = "<group>";
		};
/* End PBXGroup section */

/* Begin PBXNativeTarget section */
		F502D37918D86B0100F9F49D /* Boobies */ = {
			isa = PBXNativeTarget;
			buildConfigurationList = F502D3AC18D86B0100F9F49D /* Build configuration list for PBXNativeTarget "Boobies" */;
			buildPhases = (
				F502D37618D86B0100F9F49D /* Sources */,
				F502D37718D86B0100F9F49D /* Frameworks */,
				F502D37818D86B0100F9F49D /* Resources */,
			);
			buildRules = (
			);
			dependencies = (
			);
			name = Boobies;
			productName = Boobies;
			productReference = F502D37A18D86B0100F9F49D /* Boobies.app */;
			productType = "com.apple.product-type.application";
		};
		F502D39A18D86B0100F9F49D /* BoobiesTests */ = {
			isa = PBXNativeTarget;
			buildConfigurationList = F502D3AF18D86B0100F9F49D /* Build configuration list for PBXNativeTarget "BoobiesTests" */;
			buildPhases = (
				F502D39718D86B0100F9F49D /* Sources */,
				F502D39818D86B0100F9F49D /* Frameworks */,
				F502D39918D86B0100F9F49D /* Resources */,
			);
			buildRules = (
			);
			dependencies = (
				F502D3A118D86B0100F9F49D /* PBXTargetDependency */,
			);
			name = BoobiesTests;
			productName = BoobiesTests;
			productReference = F502D39B18D86B0100F9F49D /* BoobiesTests.xctest */;
			productType = "com.apple.product-type.bundle.unit-test";
		};
/* End PBXNativeTarget section */

/* Begin PBXProject section */
		F502D37218D86B0100F9F49D /* Project object */ = {
			isa = PBXProject;
			attributes = {
				CLASSPREFIX = Boobies;
				LastUpgradeCheck = 0510;
				ORGANIZATIONNAME = uubo;
				TargetAttributes = {
					F502D39A18D86B0100F9F49D = {
						TestTargetID = F502D37918D86B0100F9F49D;
					};
				};
			};
			buildConfigurationList = F502D37518D86B0100F9F49D /* Build configuration list for PBXProject "Boobies" */;
			compatibilityVersion = "Xcode 3.2";
			developmentRegion = English;
			hasScannedForEncodings = 0;
			knownRegions = (
				en,
				Base,
			);
			mainGroup = F502D37118D86B0100F9F49D;
			productRefGroup = F502D37B18D86B0100F9F49D /* Products */;
			projectDirPath = "";
			projectRoot = "";
			targets = (
				F502D37918D86B0100F9F49D /* Boobies */,
				F502D39A18D86B0100F9F49D /* BoobiesTests */,
			);
		};
/* End PBXProject section */

/* Begin PBXResourcesBuildPhase section */
		F502D37818D86B0100F9F49D /* Resources */ = {
			isa = PBXResourcesBuildPhase;
			buildActionMask = 2147483647;
			files = (
				F502D39618D86B0100F9F49D /* Images.xcassets in Resources */,
				F502D3B318D86D9500F9F49D /* boroda in Resources */,
				F502D38818D86B0100F9F49D /* InfoPlist.strings in Resources */,
				F502D39118D86B0100F9F49D /* Main.storyboard in Resources */,
			);
			runOnlyForDeploymentPostprocessing = 0;
		};
		F502D39918D86B0100F9F49D /* Resources */ = {
			isa = PBXResourcesBuildPhase;
			buildActionMask = 2147483647;
			files = (
				F502D3A718D86B0100F9F49D /* InfoPlist.strings in Resources */,
			);
			runOnlyForDeploymentPostprocessing = 0;
		};
/* End PBXResourcesBuildPhase section */

/* Begin PBXSourcesBuildPhase section */
		F502D37618D86B0100F9F49D /* Sources */ = {
			isa = PBXSourcesBuildPhase;
			buildActionMask = 2147483647;
			files = (
				F502D38E18D86B0100F9F49D /* BoobiesAppDelegate.m in Sources */,
				F502D38A18D86B0100F9F49D /* main.m in Sources */,
				F502D39418D86B0100F9F49D /* BoobiesViewController.m in Sources */,
			);
			runOnlyForDeploymentPostprocessing = 0;
		};
		F502D39718D86B0100F9F49D /* Sources */ = {
			isa = PBXSourcesBuildPhase;
			buildActionMask = 2147483647;
			files = (
				F502D3A918D86B0100F9F49D /* BoobiesTests.m in Sources */,
			);
			runOnlyForDeploymentPostprocessing = 0;
		};
/* End PBXSourcesBuildPhase section */

/* Begin PBXTargetDependency section */
		F502D3A118D86B0100F9F49D /* PBXTargetDependency */ = {
			isa = PBXTargetDependency;
			target = F502D37918D86B0100F9F49D /* Boobies */;
			targetProxy = F502D3A018D86B0100F9F49D /* PBXContainerItemProxy */;
		};
/* End PBXTargetDependency section */

/* Begin PBXVariantGroup section */
		F502D38618D86B0100F9F49D /* InfoPlist.strings */ = {
			isa = PBXVariantGroup;
			children = (
				F502D38718D86B0100F9F49D /* en */,
			);
			name = InfoPlist.strings;
			sourceTree = "<group>";
		};
		F502D38F18D86B0100F9F49D /* Main.storyboard */ = {
			isa = PBXVariantGroup;
			children = (
				F502D39018D86B0100F9F49D /* Base */,
			);
			name = Main.storyboard;
			sourceTree = "<group>";
		};
		F502D3A518D86B0100F9F49D /* InfoPlist.strings */ = {
			isa = PBXVariantGroup;
			children = (
				F502D3A618D86B0100F9F49D /* en */,
			);
			name = InfoPlist.strings;
			sourceTree = "<group>";
		};
/* End PBXVariantGroup section */

/* Begin XCBuildConfiguration section */
		F502D3AA18D86B0100F9F49D /* Debug */ = {
			isa = XCBuildConfiguration;
			buildSettings = {
				ALWAYS_SEARCH_USER_PATHS = NO;
				CLANG_CXX_LANGUAGE_STANDARD = "gnu++0x";
				CLANG_CXX_LIBRARY = "libc++";
				CLANG_ENABLE_MODULES = YES;
				CLANG_ENABLE_OBJC_ARC = YES;
				CLANG_WARN_BOOL_CONVERSION = YES;
				CLANG_WARN_CONSTANT_CONVERSION = YES;
				CLANG_WARN_DIRECT_OBJC_ISA_USAGE = YES_ERROR;
				CLANG_WARN_EMPTY_BODY = YES;
				CLANG_WARN_ENUM_CONVERSION = YES;
				CLANG_WARN_INT_CONVERSION = YES;
				CLANG_WARN_OBJC_ROOT_CLASS = YES_ERROR;
				CLANG_WARN__DUPLICATE_METHOD_MATCH = YES;
				"CODE_SIGN_IDENTITY[sdk=iphoneos*]" = "iPhone Developer";
				COPY_PHASE_STRIP = NO;
				GCC_C_LANGUAGE_STANDARD = gnu99;
				GCC_DYNAMIC_NO_PIC = NO;
				GCC_OPTIMIZATION_LEVEL = 0;
				GCC_PREPROCESSOR_DEFINITIONS = (
					"DEBUG=1",
					"$(inherited)",
				);
				GCC_SYMBOLS_PRIVATE_EXTERN = NO;
				GCC_WARN_64_TO_32_BIT_CONVERSION = YES;
				GCC_WARN_ABOUT_RETURN_TYPE = YES_ERROR;
				GCC_WARN_UNDECLARED_SELECTOR = YES;
				GCC_WARN_UNINITIALIZED_AUTOS = YES_AGGRESSIVE;
				GCC_WARN_UNUSED_FUNCTION = YES;
				GCC_WARN_UNUSED_VARIABLE = YES;
				IPHONEOS_DEPLOYMENT_TARGET = 7.1;
				ONLY_ACTIVE_ARCH = YES;
				SDKROOT = iphoneos;
			};
			name = Debug;
		};
		F502D3AB18D86B0100F9F49D /* Release */ = {
			isa = XCBuildConfiguration;
			buildSettings = {
				ALWAYS_SEARCH_USER_PATHS = NO;
				CLANG_CXX_LANGUAGE_STANDARD = "gnu++0x";
				CLANG_CXX_LIBRARY = "libc++";
				CLANG_ENABLE_MODULES = YES;
				CLANG_ENABLE_OBJC_ARC = YES;
				CLANG_WARN_BOOL_CONVERSION = YES;
				CLANG_WARN_CONSTANT_CONVERSION = YES;
				CLANG_WARN_DIRECT_OBJC_ISA_USAGE = YES_ERROR;
				CLANG_WARN_EMPTY_BODY = YES;
				CLANG_WARN_ENUM_CONVERSION = YES;
				CLANG_WARN_INT_CONVERSION = YES;
				CLANG_WARN_OBJC_ROOT_CLASS = YES_ERROR;
				CLANG_WARN__DUPLICATE_METHOD_MATCH = YES;
				"CODE_SIGN_IDENTITY[sdk=iphoneos*]" = "iPhone Developer";
				COPY_PHASE_STRIP = YES;
				ENABLE_NS_ASSERTIONS = NO;
				GCC_C_LANGUAGE_STANDARD = gnu99;
				GCC_WARN_64_TO_32_BIT_CONVERSION = YES;
				GCC_WARN_ABOUT_RETURN_TYPE = YES_ERROR;
				GCC_WARN_UNDECLARED_SELECTOR = YES;
				GCC_WARN_UNINITIALIZED_AUTOS = YES_AGGRESSIVE;
				GCC_WARN_UNUSED_FUNCTION = YES;
				GCC_WARN_UNUSED_VARIABLE = YES;
				IPHONEOS_DEPLOYMENT_TARGET = 7.1;
				SDKROOT = iphoneos;
				VALIDATE_PRODUCT = YES;
			};
			name = Release;
		};
		F502D3AD18D86B0100F9F49D /* Debug */ = {
			isa = XCBuildConfiguration;
			buildSettings = {
				ASSETCATALOG_COMPILER_APPICON_NAME = AppIcon;
				ASSETCATALOG_COMPILER_LAUNCHIMAGE_NAME = LaunchImage;
				GCC_PRECOMPILE_PREFIX_HEADER = YES;
				GCC_PREFIX_HEADER = "Boobies/Boobies-Prefix.pch";
				INFOPLIST_FILE = "Boobies/Boobies-Info.plist";
				PRODUCT_NAME = "$(TARGET_NAME)";
				WRAPPER_EXTENSION = app;
			};
			name = Debug;
		};
		F502D3AE18D86B0100F9F49D /* Release */ = {
			isa = XCBuildConfiguration;
			buildSettings = {
				ASSETCATALOG_COMPILER_APPICON_NAME = AppIcon;
				ASSETCATALOG_COMPILER_LAUNCHIMAGE_NAME = LaunchImage;
				GCC_PRECOMPILE_PREFIX_HEADER = YES;
				GCC_PREFIX_HEADER = "Boobies/Boobies-Prefix.pch";
				INFOPLIST_FILE = "Boobies/Boobies-Info.plist";
				PRODUCT_NAME = "$(TARGET_NAME)";
				WRAPPER_EXTENSION = app;
			};
			name = Release;
		};
		F502D3B018D86B0100F9F49D /* Debug */ = {
			isa = XCBuildConfiguration;
			buildSettings = {
				BUNDLE_LOADER = "$(BUILT_PRODUCTS_DIR)/Boobies.app/Boobies";
				FRAMEWORK_SEARCH_PATHS = (
					"$(SDKROOT)/Developer/Library/Frameworks",
					"$(inherited)",
					"$(DEVELOPER_FRAMEWORKS_DIR)",
				);
				GCC_PRECOMPILE_PREFIX_HEADER = YES;
				GCC_PREFIX_HEADER = "Boobies/Boobies-Prefix.pch";
				GCC_PREPROCESSOR_DEFINITIONS = (
					"DEBUG=1",
					"$(inherited)",
				);
				INFOPLIST_FILE = "BoobiesTests/BoobiesTests-Info.plist";
				PRODUCT_NAME = "$(TARGET_NAME)";
				TEST_HOST = "$(BUNDLE_LOADER)";
				WRAPPER_EXTENSION = xctest;
			};
			name = Debug;
		};
		F502D3B118D86B0100F9F49D /* Release */ = {
			isa = XCBuildConfiguration;
			buildSettings = {
				BUNDLE_LOADER = "$(BUILT_PRODUCTS_DIR)/Boobies.app/Boobies";
				FRAMEWORK_SEARCH_PATHS = (
					"$(SDKROOT)/Developer/Library/Frameworks",
					"$(inherited)",
					"$(DEVELOPER_FRAMEWORKS_DIR)",
				);
				GCC_PRECOMPILE_PREFIX_HEADER = YES;
				GCC_PREFIX_HEADER = "Boobies/Boobies-Prefix.pch";
				INFOPLIST_FILE = "BoobiesTests/BoobiesTests-Info.plist";
				PRODUCT_NAME = "$(TARGET_NAME)";
				TEST_HOST = "$(BUNDLE_LOADER)";
				WRAPPER_EXTENSION = xctest;
			};
			name = Release;
		};
/* End XCBuildConfiguration section */

/* Begin XCConfigurationList section */
		F502D37518D86B0100F9F49D /* Build configuration list for PBXProject "Boobies" */ = {
			isa = XCConfigurationList;
			buildConfigurations = (
				F502D3AA18D86B0100F9F49D /* Debug */,
				F502D3AB18D86B0100F9F49D /* Release */,
			);
			defaultConfigurationIsVisible = 0;
			defaultConfigurationName = Release;
		};
		F502D3AC18D86B0100F9F49D /* Build configuration list for PBXNativeTarget "Boobies" */ = {
			isa = XCConfigurationList;
			buildConfigurations = (
				F502D3AD18D86B0100F9F49D /* Debug */,
				F502D3AE18D86B0100F9F49D /* Release */,
			);
			defaultConfigurationIsVisible = 0;
		};
		F502D3AF18D86B0100F9F49D /* Build configuration list for PBXNativeTarget "BoobiesTests" */ = {
			isa = XCConfigurationList;
			buildConfigurations = (
				F502D3B018D86B0100F9F49D /* Debug */,
				F502D3B118D86B0100F9F49D /* Release */,
			);
			defaultConfigurationIsVisible = 0;
		};
/* End XCConfigurationList section */
	};
	rootObject = F502D37218D86B0100F9F49D /* Project object */;
}
